[[tools.deno]]
version = "2.5.0"
backend = "core:deno"

[tools.deno.platforms.macos-arm64]
checksum = "blake3:f6c6f1c102e4c8660e6e67aeb86ac2f5d873bc587c0946d5fea92d90e6ef9488"
size = 40742077

[[tools.hk]]
version = "1.12.0"
backend = "aqua:jdx/hk"

[tools.hk.platforms.macos-arm64]
checksum = "blake3:4a5e2f34cd73cc54e9beafb189f1566c9d2a3de26eb6aae1a3ee69312bd752ac"
size = 5853150
url = "https://github.com/jdx/hk/releases/download/v1.12.0/hk-aarch64-apple-darwin.tar.gz"

[[tools."npm:dprint"]]
version = "0.50.1"
backend = "npm:dprint"
