# @generated - this file is auto-generated by `mise lock` https://mise.jdx.dev/dev-tools/mise-lock.html

[[tools.deno]]
version = "2.5.1"
backend = "core:deno"

[tools.deno."platforms.macos-arm64"]
checksum = "sha256:f742a8eb400a370557fc988418dcfc95ac59c3f5bf996b47db92d868b158eb0a"
url = "https://dl.deno.land/release/v2.5.1/deno-aarch64-apple-darwin.zip"

[[tools.hk]]
version = "1.15.5"
backend = "aqua:jdx/hk"

[tools.hk."platforms.macos-arm64"]
checksum = "sha256:abfb5a5db92a2a8f1a533ccf6b6328c629de2f54adf849b053c1314e2436e016"
url = "https://github.com/jdx/hk/releases/download/v1.15.5/hk-aarch64-apple-darwin.tar.gz"
url_api = "https://api.github.com/repos/jdx/hk/releases/assets/296170073"
