{
  "version": "5",
  "specifiers": {
    "jsr:@deno/cache-dir@0.13.2": "0.13.2",
    "jsr:@deno/emit@0.46": "0.46.0",
    "jsr:@deno/graph@~0.73.1": "0.73.1",
    "jsr:@logtape/logtape@^1.2.0-dev.344+834f24a9": "1.2.0-dev.344+834f24a9",
    "jsr:@std/assert@0.223": "0.223.0",
    "jsr:@std/assert@^1.0.13": "1.0.14",
    "jsr:@std/assert@^1.0.14": "1.0.14",
    "jsr:@std/async@^1.0.13": "1.0.14",
    "jsr:@std/bytes@0.223": "0.223.0",
    "jsr:@std/data-structures@^1.0.9": "1.0.9",
    "jsr:@std/fmt@0.223": "0.223.0",
    "jsr:@std/fs@0.223": "0.223.0",
    "jsr:@std/fs@^1.0.19": "1.0.19",
    "jsr:@std/internal@^1.0.10": "1.0.10",
    "jsr:@std/io@0.223": "0.223.0",
    "jsr:@std/path@0.223": "0.223.0",
    "jsr:@std/path@1.1.2": "1.1.2",
    "jsr:@std/path@^1.1.1": "1.1.2",
    "jsr:@std/testing@^1.0.15": "1.0.15",
    "npm:@biomejs/biome@^2.2.4": "2.2.4",
    "npm:@playwright/test@^1.55.1": "1.55.1",
    "npm:@types/node@*": "24.2.0",
    "npm:hono@4.9.8": "4.9.8",
    "npm:zod@^4.1.11": "4.4.3"
  },
  "jsr": {
    "@deno/cache-dir@0.13.2": {
      "integrity": "c22419dfe27ab85f345bee487aaaadba498b005cce3644e9d2528db035c5454d",
      "dependencies": [
        "jsr:@deno/graph",
        "jsr:@std/fmt",
        "jsr:@std/fs@0.223",
        "jsr:@std/io",
        "jsr:@std/path@0.223"
      ]
    },
    "@deno/emit@0.46.0": {
      "integrity": "e276be2c77bac1b93caf775762e2a49a54cb00da2d48ca2b01ed8d7cba9d082c",
      "dependencies": [
        "jsr:@deno/cache-dir",
        "jsr:@std/path@0.223"
      ]
    },
    "@deno/graph@0.73.1": {
      "integrity": "cd69639d2709d479037d5ce191a422eabe8d71bb68b0098344f6b07411c84d41"
    },
    "@logtape/logtape@1.2.0-dev.344+834f24a9": {
      "integrity": "204222be0f94cd1b64a500e2dcdea22a1618a086fc531b054351e3cfa079c435"
    },
    "@std/assert@0.223.0": {
      "integrity": "eb8d6d879d76e1cc431205bd346ed4d88dc051c6366365b1af47034b0670be24"
    },
    "@std/assert@1.0.14": {
      "integrity": "68d0d4a43b365abc927f45a9b85c639ea18a9fab96ad92281e493e4ed84abaa4",
      "dependencies": [
        "jsr:@std/internal"
      ]
    },
    "@std/async@1.0.14": {
      "integrity": "62e954a418652c704d37563a3e54a37d4cf0268a9dcaeac1660cc652880b5326"
    },
    "@std/bytes@0.223.0": {
      "integrity": "84b75052cd8680942c397c2631318772b295019098f40aac5c36cead4cba51a8"
    },
    "@std/data-structures@1.0.9": {
      "integrity": "033d6e17e64bf1f84a614e647c1b015fa2576ae3312305821e1a4cb20674bb4d"
    },
    "@std/fmt@0.223.0": {
      "integrity": "6deb37794127dfc7d7bded2586b9fc6f5d50e62a8134846608baf71ffc1a5208"
    },
    "@std/fs@0.223.0": {
      "integrity": "3b4b0550b2c524cbaaa5a9170c90e96cbb7354e837ad1bdaf15fc9df1ae9c31c"
    },
    "@std/fs@1.0.19": {
      "integrity": "051968c2b1eae4d2ea9f79a08a3845740ef6af10356aff43d3e2ef11ed09fb06",
      "dependencies": [
        "jsr:@std/path@^1.1.1"
      ]
    },
    "@std/internal@1.0.10": {
      "integrity": "e3be62ce42cab0e177c27698e5d9800122f67b766a0bea6ca4867886cbde8cf7"
    },
    "@std/io@0.223.0": {
      "integrity": "2d8c3c2ab3a515619b90da2c6ff5ea7b75a94383259ef4d02116b228393f84f1",
      "dependencies": [
        "jsr:@std/assert@0.223",
        "jsr:@std/bytes"
      ]
    },
    "@std/path@0.223.0": {
      "integrity": "593963402d7e6597f5a6e620931661053572c982fc014000459edc1f93cc3989",
      "dependencies": [
        "jsr:@std/assert@0.223"
      ]
    },
    "@std/path@1.1.2": {
      "integrity": "c0b13b97dfe06546d5e16bf3966b1cadf92e1cc83e56ba5476ad8b498d9e3038",
      "dependencies": [
        "jsr:@std/internal"
      ]
    },
    "@std/testing@1.0.15": {
      "integrity": "a490169f5ccb0f3ae9c94fbc69d2cd43603f2cffb41713a85f99bbb0e3087cbc",
      "dependencies": [
        "jsr:@std/assert@^1.0.13",
        "jsr:@std/async",
        "jsr:@std/data-structures",
        "jsr:@std/fs@^1.0.19",
        "jsr:@std/internal",
        "jsr:@std/path@^1.1.1"
      ]
    }
  },
  "npm": {
    "@biomejs/biome@2.2.4": {
      "integrity": "sha512-TBHU5bUy/Ok6m8c0y3pZiuO/BZoY/OcGxoLlrfQof5s8ISVwbVBdFINPQZyFfKwil8XibYWb7JMwnT8wT4WVPg==",
      "optionalDependencies": [
        "@biomejs/cli-darwin-arm64",
        "@biomejs/cli-darwin-x64",
        "@biomejs/cli-linux-arm64",
        "@biomejs/cli-linux-arm64-musl",
        "@biomejs/cli-linux-x64",
        "@biomejs/cli-linux-x64-musl",
        "@biomejs/cli-win32-arm64",
        "@biomejs/cli-win32-x64"
      ],
      "bin": true
    },
    "@biomejs/cli-darwin-arm64@2.2.4": {
      "integrity": "sha512-RJe2uiyaloN4hne4d2+qVj3d3gFJFbmrr5PYtkkjei1O9c+BjGXgpUPVbi8Pl8syumhzJjFsSIYkcLt2VlVLMA==",
      "os": ["darwin"],
      "cpu": ["arm64"]
    },
    "@biomejs/cli-darwin-x64@2.2.4": {
      "integrity": "sha512-cFsdB4ePanVWfTnPVaUX+yr8qV8ifxjBKMkZwN7gKb20qXPxd/PmwqUH8mY5wnM9+U0QwM76CxFyBRJhC9tQwg==",
      "os": ["darwin"],
      "cpu": ["x64"]
    },
    "@biomejs/cli-linux-arm64-musl@2.2.4": {
      "integrity": "sha512-7TNPkMQEWfjvJDaZRSkDCPT/2r5ESFPKx+TEev+I2BXDGIjfCZk2+b88FOhnJNHtksbOZv8ZWnxrA5gyTYhSsQ==",
      "os": ["linux"],
      "cpu": ["arm64"]
    },
    "@biomejs/cli-linux-arm64@2.2.4": {
      "integrity": "sha512-M/Iz48p4NAzMXOuH+tsn5BvG/Jb07KOMTdSVwJpicmhN309BeEyRyQX+n1XDF0JVSlu28+hiTQ2L4rZPvu7nMw==",
      "os": ["linux"],
      "cpu": ["arm64"]
    },
    "@biomejs/cli-linux-x64-musl@2.2.4": {
      "integrity": "sha512-m41nFDS0ksXK2gwXL6W6yZTYPMH0LughqbsxInSKetoH6morVj43szqKx79Iudkp8WRT5SxSh7qVb8KCUiewGg==",
      "os": ["linux"],
      "cpu": ["x64"]
    },
    "@biomejs/cli-linux-x64@2.2.4": {
      "integrity": "sha512-orr3nnf2Dpb2ssl6aihQtvcKtLySLta4E2UcXdp7+RTa7mfJjBgIsbS0B9GC8gVu0hjOu021aU8b3/I1tn+pVQ==",
      "os": ["linux"],
      "cpu": ["x64"]
    },
    "@biomejs/cli-win32-arm64@2.2.4": {
      "integrity": "sha512-NXnfTeKHDFUWfxAefa57DiGmu9VyKi0cDqFpdI+1hJWQjGJhJutHPX0b5m+eXvTKOaf+brU+P0JrQAZMb5yYaQ==",
      "os": ["win32"],
      "cpu": ["arm64"]
    },
    "@biomejs/cli-win32-x64@2.2.4": {
      "integrity": "sha512-3Y4V4zVRarVh/B/eSHczR4LYoSVyv3Dfuvm3cWs5w/HScccS0+Wt/lHOcDTRYeHjQmMYVC3rIRWqyN2EI52+zg==",
      "os": ["win32"],
      "cpu": ["x64"]
    },
    "@playwright/test@1.55.1": {
      "integrity": "sha512-IVAh/nOJaw6W9g+RJVlIQJ6gSiER+ae6mKQ5CX1bERzQgbC1VSeBlwdvczT7pxb0GWiyrxH4TGKbMfDb4Sq/ig==",
      "dependencies": [
        "playwright"
      ],
      "bin": true
    },
    "@types/node@24.2.0": {
      "integrity": "sha512-3xyG3pMCq3oYCNg7/ZP+E1ooTaGB4cG8JWRsqqOYQdbWNY4zbaV0Ennrd7stjiJEFZCaybcIgpTjJWHRfBSIDw==",
      "dependencies": [
        "undici-types"
      ]
    },
    "fsevents@2.3.2": {
      "integrity": "sha512-xiqMQR4xAeHTuB9uWm+fFRcIOgKBMiOBP+eXiyT7jsgVCq1bkVygt00oASowB7EdtpOHaaPgKt812P9ab+DDKA==",
      "os": ["darwin"],
      "scripts": true
    },
    "hono@4.9.8": {
      "integrity": "sha512-JW8Bb4RFWD9iOKxg5PbUarBYGM99IcxFl2FPBo2gSJO11jjUDqlP1Bmfyqt8Z/dGhIQ63PMA9LdcLefXyIasyg=="
    },
    "playwright-core@1.55.1": {
      "integrity": "sha512-Z6Mh9mkwX+zxSlHqdr5AOcJnfp+xUWLCt9uKV18fhzA8eyxUd8NUWzAjxUh55RZKSYwDGX0cfaySdhZJGMoJ+w==",
      "bin": true
    },
    "playwright@1.55.1": {
      "integrity": "sha512-cJW4Xd/G3v5ovXtJJ52MAOclqeac9S/aGGgRzLabuF8TnIb6xHvMzKIa6JmrRzUkeXJgfL1MhukP0NK6l39h3A==",
      "dependencies": [
        "playwright-core"
      ],
      "optionalDependencies": [
        "fsevents"
      ],
      "bin": true
    },
    "undici-types@7.10.0": {
      "integrity": "sha512-t5Fy/nfn+14LuOc2KNYg75vZqClpAiqscVvMygNnlsHBFpSXdJaYtXMcdNLpl/Qvc3P2cB3s6lOV51nqsFq4ag=="
    },
    "zod@4.4.3": {
      "integrity": "sha512-ytENFjIJFl2UwYglde2jchW2Hwm4GJFLDiSXWdTrJQBIN9Fcyp7n4DhxJEiWNAJMV1/BqWfW/kkg71UDcHJyTQ=="
    }
  },
  "remote": {
    "https://deno.land/x/vento@v2.0.2/core/environment.ts": "c7c0ae9e41ef721a3932230b245b9b09af483b97abc3b0e2bedfc6c272273ae7",
    "https://deno.land/x/vento@v2.0.2/core/errors.ts": "8606b682b465d598a394feea135dd2f84033b5ef2a61a23d116ccb782a0a547a",
    "https://deno.land/x/vento@v2.0.2/core/js.ts": "1b460d98e1d8e15a1afa3034e8b079fb6c024b62d73aa8b449499bda29e64b56",
    "https://deno.land/x/vento@v2.0.2/core/reserved.ts": "e3ccafb4e5524b9c51fa14fa0e4bf17fd9bdd791848f17afa2aeb97835c486d1",
    "https://deno.land/x/vento@v2.0.2/core/tokenizer.ts": "460faa3de0e561e5046c46528c8bcbfc46b9de576af7ec8c4a8954a61a80ec76",
    "https://deno.land/x/vento@v2.0.2/loaders/file.ts": "83f579ac39838642bb45c6ddf48c05c08134cdd95fa7364d004fb443e972196a",
    "https://deno.land/x/vento@v2.0.2/mod.ts": "843c0c2ca0120be2075c6935e8c676f2676a7a712c629e341734cdb97561fa11",
    "https://deno.land/x/vento@v2.0.2/plugins/echo.ts": "5672b58a399ca1475953e32c5282321f7430668bbe963ec40c0a6949c3ec2116",
    "https://deno.land/x/vento@v2.0.2/plugins/escape.ts": "1db6eb7b22f88bbf94d21636c9b156ec4868e10bbcfa7dc5eae7113c36ef7b8a",
    "https://deno.land/x/vento@v2.0.2/plugins/export.ts": "c1f25c8e1e35027cc21e780f8fb3961febec4771463eb262959fbf035b8b8a63",
    "https://deno.land/x/vento@v2.0.2/plugins/for.ts": "a893a3de2c5cab43d5018cb80718ea46377c172d550e7a8ead076f00c58d59bf",
    "https://deno.land/x/vento@v2.0.2/plugins/function.ts": "73cec242bb09c840ae2065fbdc2a9a03c4d20a7b996bded387e61e26b68e6171",
    "https://deno.land/x/vento@v2.0.2/plugins/if.ts": "db13776a5b9e7988f65c27943c344bec7463c5f3162a06cc4da1a313d7109195",
    "https://deno.land/x/vento@v2.0.2/plugins/import.ts": "4555c60768fc061f16c61281c5c6bf163cc5899106d95cdcddde080493372920",
    "https://deno.land/x/vento@v2.0.2/plugins/include.ts": "3c3f8d0b967047110d632de6b17508a8985fbd479d4fe94d929c9883292f1597",
    "https://deno.land/x/vento@v2.0.2/plugins/js.ts": "f5a7fd8cc48cb1b1dc0b396e3d1fee4664cf28932dc5f5f301e38243e0e987dc",
    "https://deno.land/x/vento@v2.0.2/plugins/layout.ts": "0cfdccbd069eef61c013a6660cb265afd36e3931ff9051cc70e3133ee74dad64",
    "https://deno.land/x/vento@v2.0.2/plugins/mod.ts": "017d5bb3e3c80b7f67271cdf8779686f55916070c5d168a143e6a37c35bcd731",
    "https://deno.land/x/vento@v2.0.2/plugins/set.ts": "cf9dfbf68b52039781fd86ec0b9587a8bcd486fdef9f08989719cfdb7fa233d0",
    "https://deno.land/x/vento@v2.0.2/plugins/trim.ts": "8d33271327b09ffd8f569ebde85125b1324fa9538a54d6072ac97a9fb5d24264",
    "https://deno.land/x/vento@v2.0.2/plugins/unescape.ts": "1c56f0310c7757880df7684fc6b7bf9efd27fdb6b929b89626802f5a99cb93ee"
  },
  "workspace": {
    "dependencies": [
      "jsr:@deno/emit@0.46",
      "jsr:@logtape/logtape@^1.2.0-dev.344+834f24a9",
      "jsr:@std/assert@^1.0.14",
      "jsr:@std/path@1.1.2",
      "jsr:@std/testing@^1.0.15",
      "npm:@biomejs/biome@^2.2.4",
      "npm:@playwright/test@^1.55.1",
      "npm:hono@4.9.8",
      "npm:zod@^4.1.11"
    ]
  }
}
